
Microsoft Visual Studio Solution File, Format Version 12.00
# Visual Studio Version 16
VisualStudioVersion = 16.0.31105.61
MinimumVisualStudioVersion = 10.0.40219.1
Project("{FAE04EC0-301F-11D3-BF4B-00C04F79EFBC}") = "Lab3.1", "Lab3.1\Lab3.1.csproj", "{A654E016-AE2C-405F-AF5F-DFBA02CF04FB}"
EndProject
Global
	GlobalSection(SolutionConfigurationPlatforms) = preSolution
		Debug|Any CPU = Debug|Any CPU
		Release|Any CPU = Release|Any CPU
	EndGlobalSection
	GlobalSection(ProjectConfigurationPlatforms) = postSolution
		{A654E016-AE2C-405F-AF5F-DFBA02CF04FB}.Debug|Any CPU.ActiveCfg = Debug|Any CPU
		{A654E016-AE2C-405F-AF5F-DFBA02CF04FB}.Debug|Any CPU.Build.0 = Debug|Any CPU
		{A654E016-AE2C-405F-AF5F-DFBA02CF04FB}.Release|Any CPU.ActiveCfg = Release|Any CPU
		{A654E016-AE2C-405F-AF5F-DFBA02CF04FB}.Release|Any CPU.Build.0 = Release|Any CPU
	EndGlobalSection
	GlobalSection(SolutionProperties) = preSolution
		HideSolutionNode = FALSE
	EndGlobalSection
	GlobalSection(ExtensibilityGlobals) = postSolution
		SolutionGuid = {96660627-A7D4-46A9-8B52-A7FFEC098F22}
	EndGlobalSection
EndGlobal
